PODS:
  - A00CppInitMeasure (0.1.0)
  - A00LaunchMeasure (1.0.0)

DEPENDENCIES:
  - A00CppInitMeasure
  - A00LaunchMeasure (from `../`)

SPEC REPOS:
  trunk:
    - A00CppInitMeasure

EXTERNAL SOURCES:
  A00LaunchMeasure:
    :path: "../"

SPEC CHECKSUMS:
  A00CppInitMeasure: f4c0c818ee40aa7c0fe89ba898809ad6bdb783af
  A00LaunchMeasure: 6f137042cd7a13d2bc9b1c4e9cac22253dc21404

PODFILE CHECKSUM: c43d63bb67a4c9107b73353f2ecc82b58392af49

COCOAPODS: 1.16.1
