PODS:
  - A00LaunchMeasure (0.1.0):
    - A00LaunchMeasure/LoadMeasure (= 0.1.0)
  - A00LaunchMeasure/LoadMeasure (0.1.0)

DEPENDENCIES:
  - A00LaunchMeasure (from `../`)

EXTERNAL SOURCES:
  A00LaunchMeasure:
    :path: "../"

SPEC CHECKSUMS:
  A00LaunchMeasure: e5e20aa01de7e333b0f8f291b1d6423b72106f21

PODFILE CHECKSUM: 62cfb23ecf1f60e7dfdadbe58dfa9d6fdbf513bc

COCOAPODS: 1.10.0
